
Microsoft Visual Studio Solution File, Format Version 12.00
# Visual Studio Version 16
VisualStudioVersion = 16.0.28803.156
MinimumVisualStudioVersion = 10.0.40219.1
Project("{9A19103F-16F7-4668-BE54-9A1E7A4F7556}") = "bootstrap-dunzo-server", "bootstrap-dunzo-server\bootstrap-dunzo-server.csproj", "{D0BD38BD-240F-4805-9D3C-6F6B98E9B28B}"
EndProject
Project("{9A19103F-16F7-4668-BE54-9A1E7A4F7556}") = "Domain", "Domain\Domain.csproj", "{7B0FE287-88C2-4CB3-B412-5106A21AA02F}"
EndProject
Project("{9A19103F-16F7-4668-BE54-9A1E7A4F7556}") = "Repository", "Repository\Repository.csproj", "{984A0CCA-B854-4E48-80FD-177401357C03}"
EndProject
Global
	GlobalSection(SolutionConfigurationPlatforms) = preSolution
		Debug|Any CPU = Debug|Any CPU
		Release|Any CPU = Release|Any CPU
	EndGlobalSection
	GlobalSection(ProjectConfigurationPlatforms) = postSolution
		{D0BD38BD-240F-4805-9D3C-6F6B98E9B28B}.Debug|Any CPU.ActiveCfg = Debug|Any CPU
		{D0BD38BD-240F-4805-9D3C-6F6B98E9B28B}.Debug|Any CPU.Build.0 = Debug|Any CPU
		{D0BD38BD-240F-4805-9D3C-6F6B98E9B28B}.Release|Any CPU.ActiveCfg = Release|Any CPU
		{D0BD38BD-240F-4805-9D3C-6F6B98E9B28B}.Release|Any CPU.Build.0 = Release|Any CPU
		{7B0FE287-88C2-4CB3-B412-5106A21AA02F}.Debug|Any CPU.ActiveCfg = Debug|Any CPU
		{7B0FE287-88C2-4CB3-B412-5106A21AA02F}.Debug|Any CPU.Build.0 = Debug|Any CPU
		{7B0FE287-88C2-4CB3-B412-5106A21AA02F}.Release|Any CPU.ActiveCfg = Release|Any CPU
		{7B0FE287-88C2-4CB3-B412-5106A21AA02F}.Release|Any CPU.Build.0 = Release|Any CPU
		{984A0CCA-B854-4E48-80FD-177401357C03}.Debug|Any CPU.ActiveCfg = Debug|Any CPU
		{984A0CCA-B854-4E48-80FD-177401357C03}.Debug|Any CPU.Build.0 = Debug|Any CPU
		{984A0CCA-B854-4E48-80FD-177401357C03}.Release|Any CPU.ActiveCfg = Release|Any CPU
		{984A0CCA-B854-4E48-80FD-177401357C03}.Release|Any CPU.Build.0 = Release|Any CPU
	EndGlobalSection
	GlobalSection(SolutionProperties) = preSolution
		HideSolutionNode = FALSE
	EndGlobalSection
	GlobalSection(ExtensibilityGlobals) = postSolution
		SolutionGuid = {4828ACF2-4A06-4896-BC1C-CE5A3AAE2404}
	EndGlobalSection
EndGlobal
